
Microsoft Visual Studio Solution File, Format Version 12.00
# Visual Studio Version 17
VisualStudioVersion = 17.11.35312.102
MinimumVisualStudioVersion = 10.0.40219.1
Project("{FAE04EC0-301F-11D3-BF4B-00C04F79EFBC}") = "AsyncProgramming", "AsyncProgramming\AsyncProgramming.csproj", "{5D251BD3-9D5F-4B0F-9DEA-19310E4E938D}"
EndProject
Global
	GlobalSection(SolutionConfigurationPlatforms) = preSolution
		Debug|Any CPU = Debug|Any CPU
		Release|Any CPU = Release|Any CPU
	EndGlobalSection
	GlobalSection(ProjectConfigurationPlatforms) = postSolution
		{5D251BD3-9D5F-4B0F-9DEA-19310E4E938D}.Debug|Any CPU.ActiveCfg = Debug|Any CPU
		{5D251BD3-9D5F-4B0F-9DEA-19310E4E938D}.Debug|Any CPU.Build.0 = Debug|Any CPU
		{5D251BD3-9D5F-4B0F-9DEA-19310E4E938D}.Release|Any CPU.ActiveCfg = Release|Any CPU
		{5D251BD3-9D5F-4B0F-9DEA-19310E4E938D}.Release|Any CPU.Build.0 = Release|Any CPU
	EndGlobalSection
	GlobalSection(SolutionProperties) = preSolution
		HideSolutionNode = FALSE
	EndGlobalSection
	GlobalSection(ExtensibilityGlobals) = postSolution
		SolutionGuid = {3CDAAA88-DBB8-4D15-A365-F32D5D11E9F9}
	EndGlobalSection
EndGlobal
