
Microsoft Visual Studio Solution File, Format Version 12.00
# Visual Studio Version 17
VisualStudioVersion = 17.11.35312.102
MinimumVisualStudioVersion = 10.0.40219.1
Project("{FAE04EC0-301F-11D3-BF4B-00C04F79EFBC}") = "GroupStudentClass", "GroupStudentClass.csproj", "{0D59AB2D-D31F-44CA-B05E-D6F8201A2610}"
EndProject
Global
	GlobalSection(SolutionConfigurationPlatforms) = preSolution
		Debug|Any CPU = Debug|Any CPU
		Release|Any CPU = Release|Any CPU
	EndGlobalSection
	GlobalSection(ProjectConfigurationPlatforms) = postSolution
		{0D59AB2D-D31F-44CA-B05E-D6F8201A2610}.Debug|Any CPU.ActiveCfg = Debug|Any CPU
		{0D59AB2D-D31F-44CA-B05E-D6F8201A2610}.Debug|Any CPU.Build.0 = Debug|Any CPU
		{0D59AB2D-D31F-44CA-B05E-D6F8201A2610}.Release|Any CPU.ActiveCfg = Release|Any CPU
		{0D59AB2D-D31F-44CA-B05E-D6F8201A2610}.Release|Any CPU.Build.0 = Release|Any CPU
	EndGlobalSection
	GlobalSection(SolutionProperties) = preSolution
		HideSolutionNode = FALSE
	EndGlobalSection
	GlobalSection(ExtensibilityGlobals) = postSolution
		SolutionGuid = {AB208A00-400F-465C-A279-5172EBB40559}
	EndGlobalSection
EndGlobal
